
Microsoft Visual Studio Solution File, Format Version 12.00
# Visual Studio 15
VisualStudioVersion = 15.0.26730.8
MinimumVisualStudioVersion = 10.0.40219.1
Project("{9A19103F-16F7-4668-BE54-9A1E7A4F7556}") = "RomanNumberConversion.Test", "RomanNumberConversion.Test\RomanNumberConversion.Test.csproj", "{921E19BA-E73F-499E-B67D-19D7E9F55D6D}"
EndProject
Project("{9A19103F-16F7-4668-BE54-9A1E7A4F7556}") = "RomanNumberConversion.FrameWork", "RomanNumberConversion.FrameWork\RomanNumberConversion.FrameWork.csproj", "{50E81DC4-33C3-4907-9D90-9E656831DBBE}"
EndProject
Project("{FAE04EC0-301F-11D3-BF4B-00C04F79EFBC}") = "GameOfLife.test", "GameOfLife.test\GameOfLife.test.csproj", "{9D2AA946-86A1-4A94-B8A3-E26D9287C32D}"
EndProject
Project("{FAE04EC0-301F-11D3-BF4B-00C04F79EFBC}") = "GameOfLife", "GameOfLife\GameOfLife.csproj", "{38D04DED-74A9-4558-9912-F6ABA374C4C6}"
EndProject
Global
	GlobalSection(SolutionConfigurationPlatforms) = preSolution
		Debug|Any CPU = Debug|Any CPU
		Release|Any CPU = Release|Any CPU
	EndGlobalSection
	GlobalSection(ProjectConfigurationPlatforms) = postSolution
		{921E19BA-E73F-499E-B67D-19D7E9F55D6D}.Debug|Any CPU.ActiveCfg = Debug|Any CPU
		{921E19BA-E73F-499E-B67D-19D7E9F55D6D}.Debug|Any CPU.Build.0 = Debug|Any CPU
		{921E19BA-E73F-499E-B67D-19D7E9F55D6D}.Release|Any CPU.ActiveCfg = Release|Any CPU
		{921E19BA-E73F-499E-B67D-19D7E9F55D6D}.Release|Any CPU.Build.0 = Release|Any CPU
		{50E81DC4-33C3-4907-9D90-9E656831DBBE}.Debug|Any CPU.ActiveCfg = Debug|Any CPU
		{50E81DC4-33C3-4907-9D90-9E656831DBBE}.Debug|Any CPU.Build.0 = Debug|Any CPU
		{50E81DC4-33C3-4907-9D90-9E656831DBBE}.Release|Any CPU.ActiveCfg = Release|Any CPU
		{50E81DC4-33C3-4907-9D90-9E656831DBBE}.Release|Any CPU.Build.0 = Release|Any CPU
		{9D2AA946-86A1-4A94-B8A3-E26D9287C32D}.Debug|Any CPU.ActiveCfg = Debug|Any CPU
		{9D2AA946-86A1-4A94-B8A3-E26D9287C32D}.Debug|Any CPU.Build.0 = Debug|Any CPU
		{9D2AA946-86A1-4A94-B8A3-E26D9287C32D}.Release|Any CPU.ActiveCfg = Release|Any CPU
		{9D2AA946-86A1-4A94-B8A3-E26D9287C32D}.Release|Any CPU.Build.0 = Release|Any CPU
		{38D04DED-74A9-4558-9912-F6ABA374C4C6}.Debug|Any CPU.ActiveCfg = Debug|Any CPU
		{38D04DED-74A9-4558-9912-F6ABA374C4C6}.Debug|Any CPU.Build.0 = Debug|Any CPU
		{38D04DED-74A9-4558-9912-F6ABA374C4C6}.Release|Any CPU.ActiveCfg = Release|Any CPU
		{38D04DED-74A9-4558-9912-F6ABA374C4C6}.Release|Any CPU.Build.0 = Release|Any CPU
	EndGlobalSection
	GlobalSection(SolutionProperties) = preSolution
		HideSolutionNode = FALSE
	EndGlobalSection
	GlobalSection(ExtensibilityGlobals) = postSolution
		SolutionGuid = {DC36486C-DD05-4CCC-88C9-B031D27297F9}
	EndGlobalSection
EndGlobal
